// !$*UTF8*$!
{
	archiveVersion = 1;
	classes = {
	};
	objectVersion = 46;
	objects = {

/* Begin PBXBuildFile section */
		7536482E1ED7402700DB3E7A /* CodeGenerator.swift in Sources */ = {isa = PBXBuildFile; fileRef = 7536482D1ED7402700DB3E7A /* CodeGenerator.swift */; };
		753648321ED7410800DB3E7A /* String+CLRHelper.swift in Sources */ = {isa = PBXBuildFile; fileRef = 753648311ED7410800DB3E7A /* String+CLRHelper.swift */; };
		753648341ED7411000DB3E7A /* NSColor+CLRHelper.swift in Sources */ = {isa = PBXBuildFile; fileRef = 753648331ED7411000DB3E7A /* NSColor+CLRHelper.swift */; };
		753648361ED7424500DB3E7A /* Constants.swift in Sources */ = {isa = PBXBuildFile; fileRef = 753648351ED7424500DB3E7A /* Constants.swift */; };
		753648381ED7503A00DB3E7A /* ColorsModel.swift in Sources */ = {isa = PBXBuildFile; fileRef = 753648371ED7503A00DB3E7A /* ColorsModel.swift */; };
		753648511ED8CC4A00DB3E7A /* JavaCodeGenerator.swift in Sources */ = {isa = PBXBuildFile; fileRef = 753648501ED8CC4A00DB3E7A /* JavaCodeGenerator.swift */; };
		756801CD1ED5108500F8A192 /* ColorItem.swift in Sources */ = {isa = PBXBuildFile; fileRef = 756801CC1ED5108500F8A192 /* ColorItem.swift */; };
		756801CF1ED51BA700F8A192 /* SwiftCodeGenerator.swift in Sources */ = {isa = PBXBuildFile; fileRef = 756801CE1ED51BA700F8A192 /* SwiftCodeGenerator.swift */; };
		75910A251ED4E0CD001078B6 /* main.swift in Sources */ = {isa = PBXBuildFile; fileRef = 75910A241ED4E0CD001078B6 /* main.swift */; };
		75910A2C1ED4F7CF001078B6 /* NSColorList+JSON.swift in Sources */ = {isa = PBXBuildFile; fileRef = 75910A2B1ED4F7CF001078B6 /* NSColorList+JSON.swift */; };
		75910A341ED4F88D001078B6 /* CLRHelperTest.swift in Sources */ = {isa = PBXBuildFile; fileRef = 75910A331ED4F88D001078B6 /* CLRHelperTest.swift */; };
/* End PBXBuildFile section */

/* Begin PBXCopyFilesBuildPhase section */
		75910A1F1ED4E0CD001078B6 /* CopyFiles */ = {
			isa = PBXCopyFilesBuildPhase;
			buildActionMask = 2147483647;
			dstPath = /usr/share/man/man1/;
			dstSubfolderSpec = 0;
			files = (
			);
			runOnlyForDeploymentPostprocessing = 1;
		};
/* End PBXCopyFilesBuildPhase section */

/* Begin PBXFileReference section */
		7536482D1ED7402700DB3E7A /* CodeGenerator.swift */ = {isa = PBXFileReference; fileEncoding = 4; lastKnownFileType = sourcecode.swift; path = CodeGenerator.swift; sourceTree = "<group>"; };
		753648311ED7410800DB3E7A /* String+CLRHelper.swift */ = {isa = PBXFileReference; fileEncoding = 4; lastKnownFileType = sourcecode.swift; path = "String+CLRHelper.swift"; sourceTree = "<group>"; };
		753648331ED7411000DB3E7A /* NSColor+CLRHelper.swift */ = {isa = PBXFileReference; fileEncoding = 4; lastKnownFileType = sourcecode.swift; path = "NSColor+CLRHelper.swift"; sourceTree = "<group>"; };
		753648351ED7424500DB3E7A /* Constants.swift */ = {isa = PBXFileReference; fileEncoding = 4; lastKnownFileType = sourcecode.swift; path = Constants.swift; sourceTree = "<group>"; };
		753648371ED7503A00DB3E7A /* ColorsModel.swift */ = {isa = PBXFileReference; fileEncoding = 4; lastKnownFileType = sourcecode.swift; path = ColorsModel.swift; sourceTree = "<group>"; };
		753648501ED8CC4A00DB3E7A /* JavaCodeGenerator.swift */ = {isa = PBXFileReference; fileEncoding = 4; lastKnownFileType = sourcecode.swift; path = JavaCodeGenerator.swift; sourceTree = "<group>"; };
		756801CC1ED5108500F8A192 /* ColorItem.swift */ = {isa = PBXFileReference; fileEncoding = 4; lastKnownFileType = sourcecode.swift; path = ColorItem.swift; sourceTree = "<group>"; };
		756801CE1ED51BA700F8A192 /* SwiftCodeGenerator.swift */ = {isa = PBXFileReference; fileEncoding = 4; lastKnownFileType = sourcecode.swift; path = SwiftCodeGenerator.swift; sourceTree = "<group>"; };
		75910A211ED4E0CD001078B6 /* CLRHelper */ = {isa = PBXFileReference; explicitFileType = "compiled.mach-o.executable"; includeInIndex = 0; path = CLRHelper; sourceTree = BUILT_PRODUCTS_DIR; };
		75910A241ED4E0CD001078B6 /* main.swift */ = {isa = PBXFileReference; lastKnownFileType = sourcecode.swift; path = main.swift; sourceTree = "<group>"; };
		75910A2B1ED4F7CF001078B6 /* NSColorList+JSON.swift */ = {isa = PBXFileReference; fileEncoding = 4; lastKnownFileType = sourcecode.swift; path = "NSColorList+JSON.swift"; sourceTree = "<group>"; };
		75910A311ED4F88D001078B6 /* CLRHelperTest.xctest */ = {isa = PBXFileReference; explicitFileType = wrapper.cfbundle; includeInIndex = 0; path = CLRHelperTest.xctest; sourceTree = BUILT_PRODUCTS_DIR; };
		75910A331ED4F88D001078B6 /* CLRHelperTest.swift */ = {isa = PBXFileReference; lastKnownFileType = sourcecode.swift; path = CLRHelperTest.swift; sourceTree = "<group>"; };
		75910A351ED4F88D001078B6 /* Info.plist */ = {isa = PBXFileReference; lastKnownFileType = text.plist.xml; path = Info.plist; sourceTree = "<group>"; };
/* End PBXFileReference section */

/* Begin PBXFrameworksBuildPhase section */
		75910A1E1ED4E0CD001078B6 /* Frameworks */ = {
			isa = PBXFrameworksBuildPhase;
			buildActionMask = 2147483647;
			files = (
			);
			runOnlyForDeploymentPostprocessing = 0;
		};
		75910A2E1ED4F88D001078B6 /* Frameworks */ = {
			isa = PBXFrameworksBuildPhase;
			buildActionMask = 2147483647;
			files = (
			);
			runOnlyForDeploymentPostprocessing = 0;
		};
/* End PBXFrameworksBuildPhase section */

/* Begin PBXGroup section */
		7536482C1ED7400300DB3E7A /* Protocols */ = {
			isa = PBXGroup;
			children = (
				7536482D1ED7402700DB3E7A /* CodeGenerator.swift */,
			);
			name = Protocols;
			sourceTree = "<group>";
		};
		7536482F1ED7406B00DB3E7A /* Extensions */ = {
			isa = PBXGroup;
			children = (
				75910A2B1ED4F7CF001078B6 /* NSColorList+JSON.swift */,
				753648311ED7410800DB3E7A /* String+CLRHelper.swift */,
				753648331ED7411000DB3E7A /* NSColor+CLRHelper.swift */,
			);
			name = Extensions;
			sourceTree = "<group>";
		};
		753648301ED740B300DB3E7A /* Classes */ = {
			isa = PBXGroup;
			children = (
				753648371ED7503A00DB3E7A /* ColorsModel.swift */,
				756801CC1ED5108500F8A192 /* ColorItem.swift */,
				756801CE1ED51BA700F8A192 /* SwiftCodeGenerator.swift */,
				753648501ED8CC4A00DB3E7A /* JavaCodeGenerator.swift */,
			);
			name = Classes;
			sourceTree = "<group>";
		};
		75910A181ED4E0CD001078B6 = {
			isa = PBXGroup;
			children = (
				75910A231ED4E0CD001078B6 /* CLRHelper */,
				75910A321ED4F88D001078B6 /* CLRHelperTest */,
				75910A221ED4E0CD001078B6 /* Products */,
			);
			sourceTree = "<group>";
		};
		75910A221ED4E0CD001078B6 /* Products */ = {
			isa = PBXGroup;
			children = (
				75910A211ED4E0CD001078B6 /* CLRHelper */,
				75910A311ED4F88D001078B6 /* CLRHelperTest.xctest */,
			);
			name = Products;
			sourceTree = "<group>";
		};
		75910A231ED4E0CD001078B6 /* CLRHelper */ = {
			isa = PBXGroup;
			children = (
				75910A241ED4E0CD001078B6 /* main.swift */,
				753648351ED7424500DB3E7A /* Constants.swift */,
				753648301ED740B300DB3E7A /* Classes */,
				7536482C1ED7400300DB3E7A /* Protocols */,
				7536482F1ED7406B00DB3E7A /* Extensions */,
			);
			path = CLRHelper;
			sourceTree = "<group>";
		};
		75910A321ED4F88D001078B6 /* CLRHelperTest */ = {
			isa = PBXGroup;
			children = (
				75910A331ED4F88D001078B6 /* CLRHelperTest.swift */,
				75910A351ED4F88D001078B6 /* Info.plist */,
			);
			path = CLRHelperTest;
			sourceTree = "<group>";
		};
/* End PBXGroup section */

/* Begin PBXNativeTarget section */
		75910A201ED4E0CD001078B6 /* CLRHelper */ = {
			isa = PBXNativeTarget;
			buildConfigurationList = 75910A281ED4E0CD001078B6 /* Build configuration list for PBXNativeTarget "CLRHelper" */;
			buildPhases = (
				75910A1D1ED4E0CD001078B6 /* Sources */,
				75910A1E1ED4E0CD001078B6 /* Frameworks */,
				75910A1F1ED4E0CD001078B6 /* CopyFiles */,
			);
			buildRules = (
			);
			dependencies = (
			);
			name = CLRHelper;
			productName = CLRHelper;
			productReference = 75910A211ED4E0CD001078B6 /* CLRHelper */;
			productType = "com.apple.product-type.tool";
		};
		75910A301ED4F88D001078B6 /* CLRHelperTest */ = {
			isa = PBXNativeTarget;
			buildConfigurationList = 75910A361ED4F88D001078B6 /* Build configuration list for PBXNativeTarget "CLRHelperTest" */;
			buildPhases = (
				75910A2D1ED4F88D001078B6 /* Sources */,
				75910A2E1ED4F88D001078B6 /* Frameworks */,
				75910A2F1ED4F88D001078B6 /* Resources */,
			);
			buildRules = (
			);
			dependencies = (
			);
			name = CLRHelperTest;
			productName = CLRHelperTest;
			productReference = 75910A311ED4F88D001078B6 /* CLRHelperTest.xctest */;
			productType = "com.apple.product-type.bundle.unit-test";
		};
/* End PBXNativeTarget section */

/* Begin PBXProject section */
		75910A191ED4E0CD001078B6 /* Project object */ = {
			isa = PBXProject;
			attributes = {
				LastSwiftUpdateCheck = 0830;
				LastUpgradeCheck = 0830;
				ORGANIZATIONNAME = Gleesh;
				TargetAttributes = {
					75910A201ED4E0CD001078B6 = {
						CreatedOnToolsVersion = 8.3.2;
						DevelopmentTeam = 27E4RE9835;
						ProvisioningStyle = Automatic;
					};
					75910A301ED4F88D001078B6 = {
						CreatedOnToolsVersion = 8.3.2;
						DevelopmentTeam = 27E4RE9835;
						ProvisioningStyle = Automatic;
					};
				};
			};
			buildConfigurationList = 75910A1C1ED4E0CD001078B6 /* Build configuration list for PBXProject "CLRHelper" */;
			compatibilityVersion = "Xcode 3.2";
			developmentRegion = English;
			hasScannedForEncodings = 0;
			knownRegions = (
				en,
			);
			mainGroup = 75910A181ED4E0CD001078B6;
			productRefGroup = 75910A221ED4E0CD001078B6 /* Products */;
			projectDirPath = "";
			projectRoot = "";
			targets = (
				75910A201ED4E0CD001078B6 /* CLRHelper */,
				75910A301ED4F88D001078B6 /* CLRHelperTest */,
			);
		};
/* End PBXProject section */

/* Begin PBXResourcesBuildPhase section */
		75910A2F1ED4F88D001078B6 /* Resources */ = {
			isa = PBXResourcesBuildPhase;
			buildActionMask = 2147483647;
			files = (
			);
			runOnlyForDeploymentPostprocessing = 0;
		};
/* End PBXResourcesBuildPhase section */

/* Begin PBXSourcesBuildPhase section */
		75910A1D1ED4E0CD001078B6 /* Sources */ = {
			isa = PBXSourcesBuildPhase;
			buildActionMask = 2147483647;
			files = (
				753648511ED8CC4A00DB3E7A /* JavaCodeGenerator.swift in Sources */,
				756801CD1ED5108500F8A192 /* ColorItem.swift in Sources */,
				75910A2C1ED4F7CF001078B6 /* NSColorList+JSON.swift in Sources */,
				753648381ED7503A00DB3E7A /* ColorsModel.swift in Sources */,
				753648321ED7410800DB3E7A /* String+CLRHelper.swift in Sources */,
				7536482E1ED7402700DB3E7A /* CodeGenerator.swift in Sources */,
				75910A251ED4E0CD001078B6 /* main.swift in Sources */,
				756801CF1ED51BA700F8A192 /* SwiftCodeGenerator.swift in Sources */,
				753648341ED7411000DB3E7A /* NSColor+CLRHelper.swift in Sources */,
				753648361ED7424500DB3E7A /* Constants.swift in Sources */,
			);
			runOnlyForDeploymentPostprocessing = 0;
		};
		75910A2D1ED4F88D001078B6 /* Sources */ = {
			isa = PBXSourcesBuildPhase;
			buildActionMask = 2147483647;
			files = (
				75910A341ED4F88D001078B6 /* CLRHelperTest.swift in Sources */,
			);
			runOnlyForDeploymentPostprocessing = 0;
		};
/* End PBXSourcesBuildPhase section */

/* Begin XCBuildConfiguration section */
		75910A261ED4E0CD001078B6 /* Debug */ = {
			isa = XCBuildConfiguration;
			buildSettings = {
				ALWAYS_SEARCH_USER_PATHS = NO;
				CLANG_ANALYZER_NONNULL = YES;
				CLANG_ANALYZER_NUMBER_OBJECT_CONVERSION = YES_AGGRESSIVE;
				CLANG_CXX_LANGUAGE_STANDARD = "gnu++0x";
				CLANG_CXX_LIBRARY = "libc++";
				CLANG_ENABLE_MODULES = YES;
				CLANG_ENABLE_OBJC_ARC = YES;
				CLANG_WARN_BOOL_CONVERSION = YES;
				CLANG_WARN_CONSTANT_CONVERSION = YES;
				CLANG_WARN_DIRECT_OBJC_ISA_USAGE = YES_ERROR;
				CLANG_WARN_DOCUMENTATION_COMMENTS = YES;
				CLANG_WARN_EMPTY_BODY = YES;
				CLANG_WARN_ENUM_CONVERSION = YES;
				CLANG_WARN_INFINITE_RECURSION = YES;
				CLANG_WARN_INT_CONVERSION = YES;
				CLANG_WARN_OBJC_ROOT_CLASS = YES_ERROR;
				CLANG_WARN_SUSPICIOUS_MOVE = YES;
				CLANG_WARN_UNREACHABLE_CODE = YES;
				CLANG_WARN__DUPLICATE_METHOD_MATCH = YES;
				CODE_SIGN_IDENTITY = "-";
				COPY_PHASE_STRIP = NO;
				DEBUG_INFORMATION_FORMAT = dwarf;
				ENABLE_STRICT_OBJC_MSGSEND = YES;
				ENABLE_TESTABILITY = YES;
				GCC_C_LANGUAGE_STANDARD = gnu99;
				GCC_DYNAMIC_NO_PIC = NO;
				GCC_NO_COMMON_BLOCKS = YES;
				GCC_OPTIMIZATION_LEVEL = 0;
				GCC_PREPROCESSOR_DEFINITIONS = (
					"DEBUG=1",
					"$(inherited)",
				);
				GCC_WARN_64_TO_32_BIT_CONVERSION = YES;
				GCC_WARN_ABOUT_RETURN_TYPE = YES_ERROR;
				GCC_WARN_UNDECLARED_SELECTOR = YES;
				GCC_WARN_UNINITIALIZED_AUTOS = YES_AGGRESSIVE;
				GCC_WARN_UNUSED_FUNCTION = YES;
				GCC_WARN_UNUSED_VARIABLE = YES;
				MACOSX_DEPLOYMENT_TARGET = 10.12;
				MTL_ENABLE_DEBUG_INFO = YES;
				ONLY_ACTIVE_ARCH = YES;
				SDKROOT = macosx;
				SWIFT_OPTIMIZATION_LEVEL = "-Onone";
			};
			name = Debug;
		};
		75910A271ED4E0CD001078B6 /* Release */ = {
			isa = XCBuildConfiguration;
			buildSettings = {
				ALWAYS_SEARCH_USER_PATHS = NO;
				CLANG_ANALYZER_NONNULL = YES;
				CLANG_ANALYZER_NUMBER_OBJECT_CONVERSION = YES_AGGRESSIVE;
				CLANG_CXX_LANGUAGE_STANDARD = "gnu++0x";
				CLANG_CXX_LIBRARY = "libc++";
				CLANG_ENABLE_MODULES = YES;
				CLANG_ENABLE_OBJC_ARC = YES;
				CLANG_WARN_BOOL_CONVERSION = YES;
				CLANG_WARN_CONSTANT_CONVERSION = YES;
				CLANG_WARN_DIRECT_OBJC_ISA_USAGE = YES_ERROR;
				CLANG_WARN_DOCUMENTATION_COMMENTS = YES;
				CLANG_WARN_EMPTY_BODY = YES;
				CLANG_WARN_ENUM_CONVERSION = YES;
				CLANG_WARN_INFINITE_RECURSION = YES;
				CLANG_WARN_INT_CONVERSION = YES;
				CLANG_WARN_OBJC_ROOT_CLASS = YES_ERROR;
				CLANG_WARN_SUSPICIOUS_MOVE = YES;
				CLANG_WARN_UNREACHABLE_CODE = YES;
				CLANG_WARN__DUPLICATE_METHOD_MATCH = YES;
				CODE_SIGN_IDENTITY = "-";
				COPY_PHASE_STRIP = NO;
				DEBUG_INFORMATION_FORMAT = "dwarf-with-dsym";
				ENABLE_NS_ASSERTIONS = NO;
				ENABLE_STRICT_OBJC_MSGSEND = YES;
				GCC_C_LANGUAGE_STANDARD = gnu99;
				GCC_NO_COMMON_BLOCKS = YES;
				GCC_WARN_64_TO_32_BIT_CONVERSION = YES;
				GCC_WARN_ABOUT_RETURN_TYPE = YES_ERROR;
				GCC_WARN_UNDECLARED_SELECTOR = YES;
				GCC_WARN_UNINITIALIZED_AUTOS = YES_AGGRESSIVE;
				GCC_WARN_UNUSED_FUNCTION = YES;
				GCC_WARN_UNUSED_VARIABLE = YES;
				MACOSX_DEPLOYMENT_TARGET = 10.12;
				MTL_ENABLE_DEBUG_INFO = NO;
				SDKROOT = macosx;
			};
			name = Release;
		};
		75910A291ED4E0CD001078B6 /* Debug */ = {
			isa = XCBuildConfiguration;
			buildSettings = {
				DEVELOPMENT_TEAM = 27E4RE9835;
				PRODUCT_NAME = "$(TARGET_NAME)";
				SWIFT_VERSION = 3.0;
			};
			name = Debug;
		};
		75910A2A1ED4E0CD001078B6 /* Release */ = {
			isa = XCBuildConfiguration;
			buildSettings = {
				DEVELOPMENT_TEAM = 27E4RE9835;
				PRODUCT_NAME = "$(TARGET_NAME)";
				SWIFT_VERSION = 3.0;
			};
			name = Release;
		};
		75910A371ED4F88D001078B6 /* Debug */ = {
			isa = XCBuildConfiguration;
			buildSettings = {
				COMBINE_HIDPI_IMAGES = YES;
				DEVELOPMENT_TEAM = 27E4RE9835;
				INFOPLIST_FILE = CLRHelperTest/Info.plist;
				LD_RUNPATH_SEARCH_PATHS = "$(inherited) @executable_path/../Frameworks @loader_path/../Frameworks";
				PRODUCT_BUNDLE_IDENTIFIER = com.gleesh.CLRHelperTest;
				PRODUCT_NAME = "$(TARGET_NAME)";
				SWIFT_ACTIVE_COMPILATION_CONDITIONS = DEBUG;
				SWIFT_VERSION = 3.0;
			};
			name = Debug;
		};
		75910A381ED4F88D001078B6 /* Release */ = {
			isa = XCBuildConfiguration;
			buildSettings = {
				COMBINE_HIDPI_IMAGES = YES;
				DEVELOPMENT_TEAM = 27E4RE9835;
				INFOPLIST_FILE = CLRHelperTest/Info.plist;
				LD_RUNPATH_SEARCH_PATHS = "$(inherited) @executable_path/../Frameworks @loader_path/../Frameworks";
				PRODUCT_BUNDLE_IDENTIFIER = com.gleesh.CLRHelperTest;
				PRODUCT_NAME = "$(TARGET_NAME)";
				SWIFT_OPTIMIZATION_LEVEL = "-Owholemodule";
				SWIFT_VERSION = 3.0;
			};
			name = Release;
		};
/* End XCBuildConfiguration section */

/* Begin XCConfigurationList section */
		75910A1C1ED4E0CD001078B6 /* Build configuration list for PBXProject "CLRHelper" */ = {
			isa = XCConfigurationList;
			buildConfigurations = (
				75910A261ED4E0CD001078B6 /* Debug */,
				75910A271ED4E0CD001078B6 /* Release */,
			);
			defaultConfigurationIsVisible = 0;
			defaultConfigurationName = Release;
		};
		75910A281ED4E0CD001078B6 /* Build configuration list for PBXNativeTarget "CLRHelper" */ = {
			isa = XCConfigurationList;
			buildConfigurations = (
				75910A291ED4E0CD001078B6 /* Debug */,
				75910A2A1ED4E0CD001078B6 /* Release */,
			);
			defaultConfigurationIsVisible = 0;
			defaultConfigurationName = Release;
		};
		75910A361ED4F88D001078B6 /* Build configuration list for PBXNativeTarget "CLRHelperTest" */ = {
			isa = XCConfigurationList;
			buildConfigurations = (
				75910A371ED4F88D001078B6 /* Debug */,
				75910A381ED4F88D001078B6 /* Release */,
			);
			defaultConfigurationIsVisible = 0;
			defaultConfigurationName = Release;
		};
/* End XCConfigurationList section */
	};
	rootObject = 75910A191ED4E0CD001078B6 /* Project object */;
}
